// !$*UTF8*$!
{
	archiveVersion = 1;
	classes = {
	};
	objectVersion = 56;
	objects = {

/* Begin PBXBuildFile section */
		C120B6A02B9B5C9A00422CE5 /* AppDelegate.swift in Sources */ = {isa = PBXBuildFile; fileRef = C120B69F2B9B5C9A00422CE5 /* AppDelegate.swift */; };
		C120B6A22B9B5C9A00422CE5 /* SceneDelegate.swift in Sources */ = {isa = PBXBuildFile; fileRef = C120B6A12B9B5C9A00422CE5 /* SceneDelegate.swift */; };
		C120B6AA2B9B5C9A00422CE5 /* AIChatApp.xcdatamodeld in Sources */ = {isa = PBXBuildFile; fileRef = C120B6A82B9B5C9A00422CE5 /* AIChatApp.xcdatamodeld */; };
		C120B6AC2B9B5C9C00422CE5 /* Assets.xcassets in Resources */ = {isa = PBXBuildFile; fileRef = C120B6AB2B9B5C9C00422CE5 /* Assets.xcassets */; };
		C120B6AF2B9B5C9C00422CE5 /* LaunchScreen.storyboard in Resources */ = {isa = PBXBuildFile; fileRef = C120B6AD2B9B5C9C00422CE5 /* LaunchScreen.storyboard */; };
		C120B6B92B9B5CBB00422CE5 /* HomeView.swift in Sources */ = {isa = PBXBuildFile; fileRef = C120B6B82B9B5CBB00422CE5 /* HomeView.swift */; };
		C120B6BC2B9B5D9B00422CE5 /* Alamofire in Frameworks */ = {isa = PBXBuildFile; productRef = C120B6BB2B9B5D9B00422CE5 /* Alamofire */; };
		C120B6BE2B9B5D9B00422CE5 /* AlamofireDynamic in Frameworks */ = {isa = PBXBuildFile; productRef = C120B6BD2B9B5D9B00422CE5 /* AlamofireDynamic */; };
		C120B6C12B9B5DA400422CE5 /* SnapKit in Frameworks */ = {isa = PBXBuildFile; productRef = C120B6C02B9B5DA400422CE5 /* SnapKit */; };
		C120B6C32B9B5DA400422CE5 /* SnapKit-Dynamic in Frameworks */ = {isa = PBXBuildFile; productRef = C120B6C22B9B5DA400422CE5 /* SnapKit-Dynamic */; };
		C120B6C52B9B60FB00422CE5 /* TabBar.swift in Sources */ = {isa = PBXBuildFile; fileRef = C120B6C42B9B60FB00422CE5 /* TabBar.swift */; };
		C120B6C92B9B61EC00422CE5 /* StoreView.swift in Sources */ = {isa = PBXBuildFile; fileRef = C120B6C82B9B61EC00422CE5 /* StoreView.swift */; };
		C120B6CB2B9B621800422CE5 /* SettingsView.swift in Sources */ = {isa = PBXBuildFile; fileRef = C120B6CA2B9B621800422CE5 /* SettingsView.swift */; };
		C120B6CD2B9B670C00422CE5 /* HomeViewModel.swift in Sources */ = {isa = PBXBuildFile; fileRef = C120B6CC2B9B670C00422CE5 /* HomeViewModel.swift */; };
		C120B6D02B9B7DA500422CE5 /* ChatView.swift in Sources */ = {isa = PBXBuildFile; fileRef = C120B6CF2B9B7DA500422CE5 /* ChatView.swift */; };
		C120B6D32B9B926700422CE5 /* SeparatorLineHomeView.swift in Sources */ = {isa = PBXBuildFile; fileRef = C120B6D22B9B926700422CE5 /* SeparatorLineHomeView.swift */; };
		C120B6D52B9D112400422CE5 /* StoreViewModel.swift in Sources */ = {isa = PBXBuildFile; fileRef = C120B6D42B9D112400422CE5 /* StoreViewModel.swift */; };
		C120B6D82B9D1AE200422CE5 /* StoreTableViewCell.swift in Sources */ = {isa = PBXBuildFile; fileRef = C120B6D72B9D1AE200422CE5 /* StoreTableViewCell.swift */; };
		C120B6DA2B9D1BE100422CE5 /* StoreCollectionViewCell.swift in Sources */ = {isa = PBXBuildFile; fileRef = C120B6D92B9D1BE100422CE5 /* StoreCollectionViewCell.swift */; };
		C1DC4BC62B9F1D8200733BF7 /* NetworkManager.swift in Sources */ = {isa = PBXBuildFile; fileRef = C1DC4BC52B9F1D8200733BF7 /* NetworkManager.swift */; };
		C1DC4BC82B9F1DA000733BF7 /* OpenAINetworkHelper.swift in Sources */ = {isa = PBXBuildFile; fileRef = C1DC4BC72B9F1DA000733BF7 /* OpenAINetworkHelper.swift */; };
		C1DC4BCA2B9F1DBC00733BF7 /* APIKeys.swift in Sources */ = {isa = PBXBuildFile; fileRef = C1DC4BC92B9F1DBC00733BF7 /* APIKeys.swift */; };
		C1DC4BCD2B9F23D500733BF7 /* TextGenerationNetworkManager.swift in Sources */ = {isa = PBXBuildFile; fileRef = C1DC4BCC2B9F23D500733BF7 /* TextGenerationNetworkManager.swift */; };
		C1DC4BCF2B9F2F4B00733BF7 /* API-Keys.plist in Resources */ = {isa = PBXBuildFile; fileRef = C1DC4BCE2B9F2F4B00733BF7 /* API-Keys.plist */; };
		C1E8DBCB2B9DEBB300DF8855 /* StoreCollectionViewHeader.swift in Sources */ = {isa = PBXBuildFile; fileRef = C1E8DBCA2B9DEBB300DF8855 /* StoreCollectionViewHeader.swift */; };
		C1E8DBCD2B9DF29C00DF8855 /* StoreTableViewHeader.swift in Sources */ = {isa = PBXBuildFile; fileRef = C1E8DBCC2B9DF29C00DF8855 /* StoreTableViewHeader.swift */; };
		C1E8DBCF2B9E1A9500DF8855 /* ChatViewBuilder.swift in Sources */ = {isa = PBXBuildFile; fileRef = C1E8DBCE2B9E1A9500DF8855 /* ChatViewBuilder.swift */; };
		C1E8DBD22B9E1DB300DF8855 /* MessageBarView.swift in Sources */ = {isa = PBXBuildFile; fileRef = C1E8DBD12B9E1DB300DF8855 /* MessageBarView.swift */; };
		C1E8DBD52B9E254F00DF8855 /* ChatTableViewCell.swift in Sources */ = {isa = PBXBuildFile; fileRef = C1E8DBD42B9E254F00DF8855 /* ChatTableViewCell.swift */; };
		C1E8DBDA2B9E39C600DF8855 /* ChatMessage.swift in Sources */ = {isa = PBXBuildFile; fileRef = C1E8DBD92B9E39C600DF8855 /* ChatMessage.swift */; };
		C1E8DBDC2B9E3A6800DF8855 /* ChatViewModel.swift in Sources */ = {isa = PBXBuildFile; fileRef = C1E8DBDB2B9E3A6800DF8855 /* ChatViewModel.swift */; };
/* End PBXBuildFile section */

/* Begin PBXFileReference section */
		C120B69C2B9B5C9A00422CE5 /* AIChatApp.app */ = {isa = PBXFileReference; explicitFileType = wrapper.application; includeInIndex = 0; path = AIChatApp.app; sourceTree = BUILT_PRODUCTS_DIR; };
		C120B69F2B9B5C9A00422CE5 /* AppDelegate.swift */ = {isa = PBXFileReference; lastKnownFileType = sourcecode.swift; path = AppDelegate.swift; sourceTree = "<group>"; };
		C120B6A12B9B5C9A00422CE5 /* SceneDelegate.swift */ = {isa = PBXFileReference; lastKnownFileType = sourcecode.swift; path = SceneDelegate.swift; sourceTree = "<group>"; };
		C120B6A92B9B5C9A00422CE5 /* AIChatApp.xcdatamodel */ = {isa = PBXFileReference; lastKnownFileType = wrapper.xcdatamodel; path = AIChatApp.xcdatamodel; sourceTree = "<group>"; };
		C120B6AB2B9B5C9C00422CE5 /* Assets.xcassets */ = {isa = PBXFileReference; lastKnownFileType = folder.assetcatalog; path = Assets.xcassets; sourceTree = "<group>"; };
		C120B6AE2B9B5C9C00422CE5 /* Base */ = {isa = PBXFileReference; lastKnownFileType = file.storyboard; name = Base; path = Base.lproj/LaunchScreen.storyboard; sourceTree = "<group>"; };
		C120B6B02B9B5C9C00422CE5 /* Info.plist */ = {isa = PBXFileReference; lastKnownFileType = text.plist.xml; path = Info.plist; sourceTree = "<group>"; };
		C120B6B82B9B5CBB00422CE5 /* HomeView.swift */ = {isa = PBXFileReference; lastKnownFileType = sourcecode.swift; path = HomeView.swift; sourceTree = "<group>"; };
		C120B6C42B9B60FB00422CE5 /* TabBar.swift */ = {isa = PBXFileReference; lastKnownFileType = sourcecode.swift; path = TabBar.swift; sourceTree = "<group>"; };
		C120B6C82B9B61EC00422CE5 /* StoreView.swift */ = {isa = PBXFileReference; lastKnownFileType = sourcecode.swift; path = StoreView.swift; sourceTree = "<group>"; };
		C120B6CA2B9B621800422CE5 /* SettingsView.swift */ = {isa = PBXFileReference; lastKnownFileType = sourcecode.swift; path = SettingsView.swift; sourceTree = "<group>"; };
		C120B6CC2B9B670C00422CE5 /* HomeViewModel.swift */ = {isa = PBXFileReference; lastKnownFileType = sourcecode.swift; path = HomeViewModel.swift; sourceTree = "<group>"; };
		C120B6CF2B9B7DA500422CE5 /* ChatView.swift */ = {isa = PBXFileReference; lastKnownFileType = sourcecode.swift; path = ChatView.swift; sourceTree = "<group>"; };
		C120B6D22B9B926700422CE5 /* SeparatorLineHomeView.swift */ = {isa = PBXFileReference; lastKnownFileType = sourcecode.swift; path = SeparatorLineHomeView.swift; sourceTree = "<group>"; };
		C120B6D42B9D112400422CE5 /* StoreViewModel.swift */ = {isa = PBXFileReference; lastKnownFileType = sourcecode.swift; path = StoreViewModel.swift; sourceTree = "<group>"; };
		C120B6D72B9D1AE200422CE5 /* StoreTableViewCell.swift */ = {isa = PBXFileReference; lastKnownFileType = sourcecode.swift; path = StoreTableViewCell.swift; sourceTree = "<group>"; };
		C120B6D92B9D1BE100422CE5 /* StoreCollectionViewCell.swift */ = {isa = PBXFileReference; lastKnownFileType = sourcecode.swift; path = StoreCollectionViewCell.swift; sourceTree = "<group>"; };
		C1DC4BC52B9F1D8200733BF7 /* NetworkManager.swift */ = {isa = PBXFileReference; lastKnownFileType = sourcecode.swift; path = NetworkManager.swift; sourceTree = "<group>"; };
		C1DC4BC72B9F1DA000733BF7 /* OpenAINetworkHelper.swift */ = {isa = PBXFileReference; lastKnownFileType = sourcecode.swift; path = OpenAINetworkHelper.swift; sourceTree = "<group>"; };
		C1DC4BC92B9F1DBC00733BF7 /* APIKeys.swift */ = {isa = PBXFileReference; lastKnownFileType = sourcecode.swift; path = APIKeys.swift; sourceTree = "<group>"; };
		C1DC4BCC2B9F23D500733BF7 /* TextGenerationNetworkManager.swift */ = {isa = PBXFileReference; lastKnownFileType = sourcecode.swift; path = TextGenerationNetworkManager.swift; sourceTree = "<group>"; };
		C1DC4BCE2B9F2F4B00733BF7 /* API-Keys.plist */ = {isa = PBXFileReference; lastKnownFileType = text.plist.xml; path = "API-Keys.plist"; sourceTree = "<group>"; };
		C1E8DBCA2B9DEBB300DF8855 /* StoreCollectionViewHeader.swift */ = {isa = PBXFileReference; lastKnownFileType = sourcecode.swift; path = StoreCollectionViewHeader.swift; sourceTree = "<group>"; };
		C1E8DBCC2B9DF29C00DF8855 /* StoreTableViewHeader.swift */ = {isa = PBXFileReference; lastKnownFileType = sourcecode.swift; path = StoreTableViewHeader.swift; sourceTree = "<group>"; };
		C1E8DBCE2B9E1A9500DF8855 /* ChatViewBuilder.swift */ = {isa = PBXFileReference; lastKnownFileType = sourcecode.swift; path = ChatViewBuilder.swift; sourceTree = "<group>"; };
		C1E8DBD12B9E1DB300DF8855 /* MessageBarView.swift */ = {isa = PBXFileReference; lastKnownFileType = sourcecode.swift; path = MessageBarView.swift; sourceTree = "<group>"; };
		C1E8DBD42B9E254F00DF8855 /* ChatTableViewCell.swift */ = {isa = PBXFileReference; lastKnownFileType = sourcecode.swift; path = ChatTableViewCell.swift; sourceTree = "<group>"; };
		C1E8DBD92B9E39C600DF8855 /* ChatMessage.swift */ = {isa = PBXFileReference; lastKnownFileType = sourcecode.swift; path = ChatMessage.swift; sourceTree = "<group>"; };
		C1E8DBDB2B9E3A6800DF8855 /* ChatViewModel.swift */ = {isa = PBXFileReference; lastKnownFileType = sourcecode.swift; path = ChatViewModel.swift; sourceTree = "<group>"; };
/* End PBXFileReference section */

/* Begin PBXFrameworksBuildPhase section */
		C120B6992B9B5C9A00422CE5 /* Frameworks */ = {
			isa = PBXFrameworksBuildPhase;
			buildActionMask = 2147483647;
			files = (
				C120B6C12B9B5DA400422CE5 /* SnapKit in Frameworks */,
				C120B6BC2B9B5D9B00422CE5 /* Alamofire in Frameworks */,
				C120B6BE2B9B5D9B00422CE5 /* AlamofireDynamic in Frameworks */,
				C120B6C32B9B5DA400422CE5 /* SnapKit-Dynamic in Frameworks */,
			);
			runOnlyForDeploymentPostprocessing = 0;
		};
/* End PBXFrameworksBuildPhase section */

/* Begin PBXGroup section */
		C120B6932B9B5C9A00422CE5 = {
			isa = PBXGroup;
			children = (
				C120B69E2B9B5C9A00422CE5 /* AIChatApp */,
				C120B69D2B9B5C9A00422CE5 /* Products */,
			);
			sourceTree = "<group>";
		};
		C120B69D2B9B5C9A00422CE5 /* Products */ = {
			isa = PBXGroup;
			children = (
				C120B69C2B9B5C9A00422CE5 /* AIChatApp.app */,
			);
			name = Products;
			sourceTree = "<group>";
		};
		C120B69E2B9B5C9A00422CE5 /* AIChatApp */ = {
			isa = PBXGroup;
			children = (
				C1E8DBDD2B9E3C6300DF8855 /* Network */,
				C120B6B62B9B5CA800422CE5 /* Modules */,
				C120B69F2B9B5C9A00422CE5 /* AppDelegate.swift */,
				C120B6A12B9B5C9A00422CE5 /* SceneDelegate.swift */,
				C120B6AB2B9B5C9C00422CE5 /* Assets.xcassets */,
				C120B6AD2B9B5C9C00422CE5 /* LaunchScreen.storyboard */,
				C120B6B02B9B5C9C00422CE5 /* Info.plist */,
				C120B6A82B9B5C9A00422CE5 /* AIChatApp.xcdatamodeld */,
				C1DC4BCE2B9F2F4B00733BF7 /* API-Keys.plist */,
			);
			path = AIChatApp;
			sourceTree = "<group>";
		};
		C120B6B62B9B5CA800422CE5 /* Modules */ = {
			isa = PBXGroup;
			children = (
				C120B6CE2B9B72F600422CE5 /* Chat */,
				C120B6B72B9B5CAC00422CE5 /* Home */,
				C120B6C72B9B61DF00422CE5 /* Store */,
				C120B6C62B9B61D600422CE5 /* Settings */,
				C120B6C42B9B60FB00422CE5 /* TabBar.swift */,
			);
			path = Modules;
			sourceTree = "<group>";
		};
		C120B6B72B9B5CAC00422CE5 /* Home */ = {
			isa = PBXGroup;
			children = (
				C120B6D12B9B924F00422CE5 /* CustomViews */,
				C120B6B82B9B5CBB00422CE5 /* HomeView.swift */,
				C120B6CC2B9B670C00422CE5 /* HomeViewModel.swift */,
			);
			path = Home;
			sourceTree = "<group>";
		};
		C120B6C62B9B61D600422CE5 /* Settings */ = {
			isa = PBXGroup;
			children = (
				C120B6CA2B9B621800422CE5 /* SettingsView.swift */,
			);
			path = Settings;
			sourceTree = "<group>";
		};
		C120B6C72B9B61DF00422CE5 /* Store */ = {
			isa = PBXGroup;
			children = (
				C1E8DBC92B9DEB7400DF8855 /* Headers */,
				C120B6D62B9D1ACE00422CE5 /* CustomCells */,
				C120B6C82B9B61EC00422CE5 /* StoreView.swift */,
				C120B6D42B9D112400422CE5 /* StoreViewModel.swift */,
			);
			path = Store;
			sourceTree = "<group>";
		};
		C120B6CE2B9B72F600422CE5 /* Chat */ = {
			isa = PBXGroup;
			children = (
				C1E8DBD82B9E39B100DF8855 /* Models */,
				C1E8DBD32B9E254000DF8855 /* CustomCells */,
				C1E8DBD02B9E1DA000DF8855 /* CustomViews */,
				C120B6CF2B9B7DA500422CE5 /* ChatView.swift */,
				C1E8DBDB2B9E3A6800DF8855 /* ChatViewModel.swift */,
				C1E8DBCE2B9E1A9500DF8855 /* ChatViewBuilder.swift */,
			);
			path = Chat;
			sourceTree = "<group>";
		};
		C120B6D12B9B924F00422CE5 /* CustomViews */ = {
			isa = PBXGroup;
			children = (
				C120B6D22B9B926700422CE5 /* SeparatorLineHomeView.swift */,
			);
			path = CustomViews;
			sourceTree = "<group>";
		};
		C120B6D62B9D1ACE00422CE5 /* CustomCells */ = {
			isa = PBXGroup;
			children = (
				C120B6D72B9D1AE200422CE5 /* StoreTableViewCell.swift */,
				C120B6D92B9D1BE100422CE5 /* StoreCollectionViewCell.swift */,
			);
			path = CustomCells;
			sourceTree = "<group>";
		};
		C1DC4BC42B9F1D7900733BF7 /* Core */ = {
			isa = PBXGroup;
			children = (
				C1DC4BC52B9F1D8200733BF7 /* NetworkManager.swift */,
				C1DC4BC72B9F1DA000733BF7 /* OpenAINetworkHelper.swift */,
			);
			path = Core;
			sourceTree = "<group>";
		};
		C1DC4BCB2B9F23AC00733BF7 /* ChatGPT */ = {
			isa = PBXGroup;
			children = (
				C1DC4BCC2B9F23D500733BF7 /* TextGenerationNetworkManager.swift */,
			);
			path = ChatGPT;
			sourceTree = "<group>";
		};
		C1E8DBC92B9DEB7400DF8855 /* Headers */ = {
			isa = PBXGroup;
			children = (
				C1E8DBCA2B9DEBB300DF8855 /* StoreCollectionViewHeader.swift */,
				C1E8DBCC2B9DF29C00DF8855 /* StoreTableViewHeader.swift */,
			);
			path = Headers;
			sourceTree = "<group>";
		};
		C1E8DBD02B9E1DA000DF8855 /* CustomViews */ = {
			isa = PBXGroup;
			children = (
				C1E8DBD12B9E1DB300DF8855 /* MessageBarView.swift */,
			);
			path = CustomViews;
			sourceTree = "<group>";
		};
		C1E8DBD32B9E254000DF8855 /* CustomCells */ = {
			isa = PBXGroup;
			children = (
				C1E8DBD42B9E254F00DF8855 /* ChatTableViewCell.swift */,
			);
			path = CustomCells;
			sourceTree = "<group>";
		};
		C1E8DBD82B9E39B100DF8855 /* Models */ = {
			isa = PBXGroup;
			children = (
				C1E8DBD92B9E39C600DF8855 /* ChatMessage.swift */,
			);
			path = Models;
			sourceTree = "<group>";
		};
		C1E8DBDD2B9E3C6300DF8855 /* Network */ = {
			isa = PBXGroup;
			children = (
				C1DC4BCB2B9F23AC00733BF7 /* ChatGPT */,
				C1DC4BC42B9F1D7900733BF7 /* Core */,
				C1DC4BC92B9F1DBC00733BF7 /* APIKeys.swift */,
			);
			path = Network;
			sourceTree = "<group>";
		};
/* End PBXGroup section */

/* Begin PBXNativeTarget section */
		C120B69B2B9B5C9A00422CE5 /* AIChatApp */ = {
			isa = PBXNativeTarget;
			buildConfigurationList = C120B6B32B9B5C9C00422CE5 /* Build configuration list for PBXNativeTarget "AIChatApp" */;
			buildPhases = (
				C120B6982B9B5C9A00422CE5 /* Sources */,
				C120B6992B9B5C9A00422CE5 /* Frameworks */,
				C120B69A2B9B5C9A00422CE5 /* Resources */,
			);
			buildRules = (
			);
			dependencies = (
			);
			name = AIChatApp;
			packageProductDependencies = (
				C120B6BB2B9B5D9B00422CE5 /* Alamofire */,
				C120B6BD2B9B5D9B00422CE5 /* AlamofireDynamic */,
				C120B6C02B9B5DA400422CE5 /* SnapKit */,
				C120B6C22B9B5DA400422CE5 /* SnapKit-Dynamic */,
			);
			productName = AIChatApp;
			productReference = C120B69C2B9B5C9A00422CE5 /* AIChatApp.app */;
			productType = "com.apple.product-type.application";
		};
/* End PBXNativeTarget section */

/* Begin PBXProject section */
		C120B6942B9B5C9A00422CE5 /* Project object */ = {
			isa = PBXProject;
			attributes = {
				BuildIndependentTargetsInParallel = 1;
				LastSwiftUpdateCheck = 1520;
				LastUpgradeCheck = 1520;
				TargetAttributes = {
					C120B69B2B9B5C9A00422CE5 = {
						CreatedOnToolsVersion = 15.2;
					};
				};
			};
			buildConfigurationList = C120B6972B9B5C9A00422CE5 /* Build configuration list for PBXProject "AIChatApp" */;
			compatibilityVersion = "Xcode 14.0";
			developmentRegion = en;
			hasScannedForEncodings = 0;
			knownRegions = (
				en,
				Base,
			);
			mainGroup = C120B6932B9B5C9A00422CE5;
			packageReferences = (
				C120B6BA2B9B5D9B00422CE5 /* XCRemoteSwiftPackageReference "Alamofire" */,
				C120B6BF2B9B5DA400422CE5 /* XCRemoteSwiftPackageReference "SnapKit" */,
			);
			productRefGroup = C120B69D2B9B5C9A00422CE5 /* Products */;
			projectDirPath = "";
			projectRoot = "";
			targets = (
				C120B69B2B9B5C9A00422CE5 /* AIChatApp */,
			);
		};
/* End PBXProject section */

/* Begin PBXResourcesBuildPhase section */
		C120B69A2B9B5C9A00422CE5 /* Resources */ = {
			isa = PBXResourcesBuildPhase;
			buildActionMask = 2147483647;
			files = (
				C120B6AF2B9B5C9C00422CE5 /* LaunchScreen.storyboard in Resources */,
				C1DC4BCF2B9F2F4B00733BF7 /* API-Keys.plist in Resources */,
				C120B6AC2B9B5C9C00422CE5 /* Assets.xcassets in Resources */,
			);
			runOnlyForDeploymentPostprocessing = 0;
		};
/* End PBXResourcesBuildPhase section */

/* Begin PBXSourcesBuildPhase section */
		C120B6982B9B5C9A00422CE5 /* Sources */ = {
			isa = PBXSourcesBuildPhase;
			buildActionMask = 2147483647;
			files = (
				C1DC4BC82B9F1DA000733BF7 /* OpenAINetworkHelper.swift in Sources */,
				C120B6D32B9B926700422CE5 /* SeparatorLineHomeView.swift in Sources */,
				C1E8DBD22B9E1DB300DF8855 /* MessageBarView.swift in Sources */,
				C120B6CB2B9B621800422CE5 /* SettingsView.swift in Sources */,
				C1DC4BC62B9F1D8200733BF7 /* NetworkManager.swift in Sources */,
				C1DC4BCA2B9F1DBC00733BF7 /* APIKeys.swift in Sources */,
				C1E8DBCF2B9E1A9500DF8855 /* ChatViewBuilder.swift in Sources */,
				C120B6AA2B9B5C9A00422CE5 /* AIChatApp.xcdatamodeld in Sources */,
				C120B6DA2B9D1BE100422CE5 /* StoreCollectionViewCell.swift in Sources */,
				C120B6D82B9D1AE200422CE5 /* StoreTableViewCell.swift in Sources */,
				C120B6A02B9B5C9A00422CE5 /* AppDelegate.swift in Sources */,
				C120B6CD2B9B670C00422CE5 /* HomeViewModel.swift in Sources */,
				C120B6D02B9B7DA500422CE5 /* ChatView.swift in Sources */,
				C120B6B92B9B5CBB00422CE5 /* HomeView.swift in Sources */,
				C120B6A22B9B5C9A00422CE5 /* SceneDelegate.swift in Sources */,
				C120B6C92B9B61EC00422CE5 /* StoreView.swift in Sources */,
				C1E8DBCD2B9DF29C00DF8855 /* StoreTableViewHeader.swift in Sources */,
				C120B6D52B9D112400422CE5 /* StoreViewModel.swift in Sources */,
				C1E8DBDA2B9E39C600DF8855 /* ChatMessage.swift in Sources */,
				C120B6C52B9B60FB00422CE5 /* TabBar.swift in Sources */,
				C1E8DBD52B9E254F00DF8855 /* ChatTableViewCell.swift in Sources */,
				C1E8DBDC2B9E3A6800DF8855 /* ChatViewModel.swift in Sources */,
				C1E8DBCB2B9DEBB300DF8855 /* StoreCollectionViewHeader.swift in Sources */,
				C1DC4BCD2B9F23D500733BF7 /* TextGenerationNetworkManager.swift in Sources */,
			);
			runOnlyForDeploymentPostprocessing = 0;
		};
/* End PBXSourcesBuildPhase section */

/* Begin PBXVariantGroup section */
		C120B6AD2B9B5C9C00422CE5 /* LaunchScreen.storyboard */ = {
			isa = PBXVariantGroup;
			children = (
				C120B6AE2B9B5C9C00422CE5 /* Base */,
			);
			name = LaunchScreen.storyboard;
			sourceTree = "<group>";
		};
/* End PBXVariantGroup section */

/* Begin XCBuildConfiguration section */
		C120B6B12B9B5C9C00422CE5 /* Debug */ = {
			isa = XCBuildConfiguration;
			buildSettings = {
				ALWAYS_SEARCH_USER_PATHS = NO;
				ASSETCATALOG_COMPILER_GENERATE_SWIFT_ASSET_SYMBOL_EXTENSIONS = YES;
				CLANG_ANALYZER_NONNULL = YES;
				CLANG_ANALYZER_NUMBER_OBJECT_CONVERSION = YES_AGGRESSIVE;
				CLANG_CXX_LANGUAGE_STANDARD = "gnu++20";
				CLANG_ENABLE_MODULES = YES;
				CLANG_ENABLE_OBJC_ARC = YES;
				CLANG_ENABLE_OBJC_WEAK = YES;
				CLANG_WARN_BLOCK_CAPTURE_AUTORELEASING = YES;
				CLANG_WARN_BOOL_CONVERSION = YES;
				CLANG_WARN_COMMA = YES;
				CLANG_WARN_CONSTANT_CONVERSION = YES;
				CLANG_WARN_DEPRECATED_OBJC_IMPLEMENTATIONS = YES;
				CLANG_WARN_DIRECT_OBJC_ISA_USAGE = YES_ERROR;
				CLANG_WARN_DOCUMENTATION_COMMENTS = YES;
				CLANG_WARN_EMPTY_BODY = YES;
				CLANG_WARN_ENUM_CONVERSION = YES;
				CLANG_WARN_INFINITE_RECURSION = YES;
				CLANG_WARN_INT_CONVERSION = YES;
				CLANG_WARN_NON_LITERAL_NULL_CONVERSION = YES;
				CLANG_WARN_OBJC_IMPLICIT_RETAIN_SELF = YES;
				CLANG_WARN_OBJC_LITERAL_CONVERSION = YES;
				CLANG_WARN_OBJC_ROOT_CLASS = YES_ERROR;
				CLANG_WARN_QUOTED_INCLUDE_IN_FRAMEWORK_HEADER = YES;
				CLANG_WARN_RANGE_LOOP_ANALYSIS = YES;
				CLANG_WARN_STRICT_PROTOTYPES = YES;
				CLANG_WARN_SUSPICIOUS_MOVE = YES;
				CLANG_WARN_UNGUARDED_AVAILABILITY = YES_AGGRESSIVE;
				CLANG_WARN_UNREACHABLE_CODE = YES;
				CLANG_WARN__DUPLICATE_METHOD_MATCH = YES;
				COPY_PHASE_STRIP = NO;
				DEBUG_INFORMATION_FORMAT = dwarf;
				ENABLE_STRICT_OBJC_MSGSEND = YES;
				ENABLE_TESTABILITY = YES;
				ENABLE_USER_SCRIPT_SANDBOXING = YES;
				GCC_C_LANGUAGE_STANDARD = gnu17;
				GCC_DYNAMIC_NO_PIC = NO;
				GCC_NO_COMMON_BLOCKS = YES;
				GCC_OPTIMIZATION_LEVEL = 0;
				GCC_PREPROCESSOR_DEFINITIONS = (
					"DEBUG=1",
					"$(inherited)",
				);
				GCC_WARN_64_TO_32_BIT_CONVERSION = YES;
				GCC_WARN_ABOUT_RETURN_TYPE = YES_ERROR;
				GCC_WARN_UNDECLARED_SELECTOR = YES;
				GCC_WARN_UNINITIALIZED_AUTOS = YES_AGGRESSIVE;
				GCC_WARN_UNUSED_FUNCTION = YES;
				GCC_WARN_UNUSED_VARIABLE = YES;
				IPHONEOS_DEPLOYMENT_TARGET = 17.2;
				LOCALIZATION_PREFERS_STRING_CATALOGS = YES;
				MTL_ENABLE_DEBUG_INFO = INCLUDE_SOURCE;
				MTL_FAST_MATH = YES;
				ONLY_ACTIVE_ARCH = YES;
				SDKROOT = iphoneos;
				SWIFT_ACTIVE_COMPILATION_CONDITIONS = "DEBUG $(inherited)";
				SWIFT_OPTIMIZATION_LEVEL = "-Onone";
			};
			name = Debug;
		};
		C120B6B22B9B5C9C00422CE5 /* Release */ = {
			isa = XCBuildConfiguration;
			buildSettings = {
				ALWAYS_SEARCH_USER_PATHS = NO;
				ASSETCATALOG_COMPILER_GENERATE_SWIFT_ASSET_SYMBOL_EXTENSIONS = YES;
				CLANG_ANALYZER_NONNULL = YES;
				CLANG_ANALYZER_NUMBER_OBJECT_CONVERSION = YES_AGGRESSIVE;
				CLANG_CXX_LANGUAGE_STANDARD = "gnu++20";
				CLANG_ENABLE_MODULES = YES;
				CLANG_ENABLE_OBJC_ARC = YES;
				CLANG_ENABLE_OBJC_WEAK = YES;
				CLANG_WARN_BLOCK_CAPTURE_AUTORELEASING = YES;
				CLANG_WARN_BOOL_CONVERSION = YES;
				CLANG_WARN_COMMA = YES;
				CLANG_WARN_CONSTANT_CONVERSION = YES;
				CLANG_WARN_DEPRECATED_OBJC_IMPLEMENTATIONS = YES;
				CLANG_WARN_DIRECT_OBJC_ISA_USAGE = YES_ERROR;
				CLANG_WARN_DOCUMENTATION_COMMENTS = YES;
				CLANG_WARN_EMPTY_BODY = YES;
				CLANG_WARN_ENUM_CONVERSION = YES;
				CLANG_WARN_INFINITE_RECURSION = YES;
				CLANG_WARN_INT_CONVERSION = YES;
				CLANG_WARN_NON_LITERAL_NULL_CONVERSION = YES;
				CLANG_WARN_OBJC_IMPLICIT_RETAIN_SELF = YES;
				CLANG_WARN_OBJC_LITERAL_CONVERSION = YES;
				CLANG_WARN_OBJC_ROOT_CLASS = YES_ERROR;
				CLANG_WARN_QUOTED_INCLUDE_IN_FRAMEWORK_HEADER = YES;
				CLANG_WARN_RANGE_LOOP_ANALYSIS = YES;
				CLANG_WARN_STRICT_PROTOTYPES = YES;
				CLANG_WARN_SUSPICIOUS_MOVE = YES;
				CLANG_WARN_UNGUARDED_AVAILABILITY = YES_AGGRESSIVE;
				CLANG_WARN_UNREACHABLE_CODE = YES;
				CLANG_WARN__DUPLICATE_METHOD_MATCH = YES;
				COPY_PHASE_STRIP = NO;
				DEBUG_INFORMATION_FORMAT = "dwarf-with-dsym";
				ENABLE_NS_ASSERTIONS = NO;
				ENABLE_STRICT_OBJC_MSGSEND = YES;
				ENABLE_USER_SCRIPT_SANDBOXING = YES;
				GCC_C_LANGUAGE_STANDARD = gnu17;
				GCC_NO_COMMON_BLOCKS = YES;
				GCC_WARN_64_TO_32_BIT_CONVERSION = YES;
				GCC_WARN_ABOUT_RETURN_TYPE = YES_ERROR;
				GCC_WARN_UNDECLARED_SELECTOR = YES;
				GCC_WARN_UNINITIALIZED_AUTOS = YES_AGGRESSIVE;
				GCC_WARN_UNUSED_FUNCTION = YES;
				GCC_WARN_UNUSED_VARIABLE = YES;
				IPHONEOS_DEPLOYMENT_TARGET = 17.2;
				LOCALIZATION_PREFERS_STRING_CATALOGS = YES;
				MTL_ENABLE_DEBUG_INFO = NO;
				MTL_FAST_MATH = YES;
				SDKROOT = iphoneos;
				SWIFT_COMPILATION_MODE = wholemodule;
				VALIDATE_PRODUCT = YES;
			};
			name = Release;
		};
		C120B6B42B9B5C9C00422CE5 /* Debug */ = {
			isa = XCBuildConfiguration;
			buildSettings = {
				ASSETCATALOG_COMPILER_APPICON_NAME = AppIcon;
				ASSETCATALOG_COMPILER_GLOBAL_ACCENT_COLOR_NAME = AccentColor;
				CODE_SIGN_STYLE = Automatic;
				CURRENT_PROJECT_VERSION = 1;
				DEVELOPMENT_TEAM = NX5WVK23N8;
				GENERATE_INFOPLIST_FILE = YES;
				INFOPLIST_FILE = AIChatApp/Info.plist;
				INFOPLIST_KEY_UIApplicationSupportsIndirectInputEvents = YES;
				INFOPLIST_KEY_UILaunchStoryboardName = LaunchScreen;
				INFOPLIST_KEY_UISupportedInterfaceOrientations_iPad = "UIInterfaceOrientationPortrait UIInterfaceOrientationPortraitUpsideDown UIInterfaceOrientationLandscapeLeft UIInterfaceOrientationLandscapeRight";
				INFOPLIST_KEY_UISupportedInterfaceOrientations_iPhone = "UIInterfaceOrientationPortrait UIInterfaceOrientationLandscapeLeft UIInterfaceOrientationLandscapeRight";
				LD_RUNPATH_SEARCH_PATHS = (
					"$(inherited)",
					"@executable_path/Frameworks",
				);
				MARKETING_VERSION = 1.0;
				PRODUCT_BUNDLE_IDENTIFIER = com.yigithansonmez.AIChatApp;
				PRODUCT_NAME = "$(TARGET_NAME)";
				SWIFT_EMIT_LOC_STRINGS = YES;
				SWIFT_VERSION = 5.0;
				TARGETED_DEVICE_FAMILY = "1,2";
			};
			name = Debug;
		};
		C120B6B52B9B5C9C00422CE5 /* Release */ = {
			isa = XCBuildConfiguration;
			buildSettings = {
				ASSETCATALOG_COMPILER_APPICON_NAME = AppIcon;
				ASSETCATALOG_COMPILER_GLOBAL_ACCENT_COLOR_NAME = AccentColor;
				CODE_SIGN_STYLE = Automatic;
				CURRENT_PROJECT_VERSION = 1;
				DEVELOPMENT_TEAM = NX5WVK23N8;
				GENERATE_INFOPLIST_FILE = YES;
				INFOPLIST_FILE = AIChatApp/Info.plist;
				INFOPLIST_KEY_UIApplicationSupportsIndirectInputEvents = YES;
				INFOPLIST_KEY_UILaunchStoryboardName = LaunchScreen;
				INFOPLIST_KEY_UISupportedInterfaceOrientations_iPad = "UIInterfaceOrientationPortrait UIInterfaceOrientationPortraitUpsideDown UIInterfaceOrientationLandscapeLeft UIInterfaceOrientationLandscapeRight";
				INFOPLIST_KEY_UISupportedInterfaceOrientations_iPhone = "UIInterfaceOrientationPortrait UIInterfaceOrientationLandscapeLeft UIInterfaceOrientationLandscapeRight";
				LD_RUNPATH_SEARCH_PATHS = (
					"$(inherited)",
					"@executable_path/Frameworks",
				);
				MARKETING_VERSION = 1.0;
				PRODUCT_BUNDLE_IDENTIFIER = com.yigithansonmez.AIChatApp;
				PRODUCT_NAME = "$(TARGET_NAME)";
				SWIFT_EMIT_LOC_STRINGS = YES;
				SWIFT_VERSION = 5.0;
				TARGETED_DEVICE_FAMILY = "1,2";
			};
			name = Release;
		};
/* End XCBuildConfiguration section */

/* Begin XCConfigurationList section */
		C120B6972B9B5C9A00422CE5 /* Build configuration list for PBXProject "AIChatApp" */ = {
			isa = XCConfigurationList;
			buildConfigurations = (
				C120B6B12B9B5C9C00422CE5 /* Debug */,
				C120B6B22B9B5C9C00422CE5 /* Release */,
			);
			defaultConfigurationIsVisible = 0;
			defaultConfigurationName = Release;
		};
		C120B6B32B9B5C9C00422CE5 /* Build configuration list for PBXNativeTarget "AIChatApp" */ = {
			isa = XCConfigurationList;
			buildConfigurations = (
				C120B6B42B9B5C9C00422CE5 /* Debug */,
				C120B6B52B9B5C9C00422CE5 /* Release */,
			);
			defaultConfigurationIsVisible = 0;
			defaultConfigurationName = Release;
		};
/* End XCConfigurationList section */

/* Begin XCRemoteSwiftPackageReference section */
		C120B6BA2B9B5D9B00422CE5 /* XCRemoteSwiftPackageReference "Alamofire" */ = {
			isa = XCRemoteSwiftPackageReference;
			repositoryURL = "https://github.com/Alamofire/Alamofire.git";
			requirement = {
				kind = upToNextMajorVersion;
				minimumVersion = 5.9.0;
			};
		};
		C120B6BF2B9B5DA400422CE5 /* XCRemoteSwiftPackageReference "SnapKit" */ = {
			isa = XCRemoteSwiftPackageReference;
			repositoryURL = "https://github.com/SnapKit/SnapKit.git";
			requirement = {
				kind = upToNextMajorVersion;
				minimumVersion = 5.7.1;
			};
		};
/* End XCRemoteSwiftPackageReference section */

/* Begin XCSwiftPackageProductDependency section */
		C120B6BB2B9B5D9B00422CE5 /* Alamofire */ = {
			isa = XCSwiftPackageProductDependency;
			package = C120B6BA2B9B5D9B00422CE5 /* XCRemoteSwiftPackageReference "Alamofire" */;
			productName = Alamofire;
		};
		C120B6BD2B9B5D9B00422CE5 /* AlamofireDynamic */ = {
			isa = XCSwiftPackageProductDependency;
			package = C120B6BA2B9B5D9B00422CE5 /* XCRemoteSwiftPackageReference "Alamofire" */;
			productName = AlamofireDynamic;
		};
		C120B6C02B9B5DA400422CE5 /* SnapKit */ = {
			isa = XCSwiftPackageProductDependency;
			package = C120B6BF2B9B5DA400422CE5 /* XCRemoteSwiftPackageReference "SnapKit" */;
			productName = SnapKit;
		};
		C120B6C22B9B5DA400422CE5 /* SnapKit-Dynamic */ = {
			isa = XCSwiftPackageProductDependency;
			package = C120B6BF2B9B5DA400422CE5 /* XCRemoteSwiftPackageReference "SnapKit" */;
			productName = "SnapKit-Dynamic";
		};
/* End XCSwiftPackageProductDependency section */

/* Begin XCVersionGroup section */
		C120B6A82B9B5C9A00422CE5 /* AIChatApp.xcdatamodeld */ = {
			isa = XCVersionGroup;
			children = (
				C120B6A92B9B5C9A00422CE5 /* AIChatApp.xcdatamodel */,
			);
			currentVersion = C120B6A92B9B5C9A00422CE5 /* AIChatApp.xcdatamodel */;
			path = AIChatApp.xcdatamodeld;
			sourceTree = "<group>";
			versionGroupType = wrapper.xcdatamodel;
		};
/* End XCVersionGroup section */
	};
	rootObject = C120B6942B9B5C9A00422CE5 /* Project object */;
}
